
Microsoft Visual Studio Solution File, Format Version 12.00
# Visual Studio Version 16
VisualStudioVersion = 16.0.30204.135
MinimumVisualStudioVersion = 10.0.40219.1
Project("{9A19103F-16F7-4668-BE54-9A1E7A4F7556}") = "1. Dependency Inversion", "1. Dependency Inversion\1. Dependency Inversion.csproj", "{571D5F2E-696B-443A-850A-E77E4D647F42}"
EndProject
Project("{9A19103F-16F7-4668-BE54-9A1E7A4F7556}") = "2. Adapter", "2. Adapter\2. Adapter.csproj", "{07F4E461-F747-4100-A17B-439F5112ECCA}"
EndProject
Project("{FAE04EC0-301F-11D3-BF4B-00C04F79EFBC}") = "3.1. Factory", "3.1 Factory\3.1. Factory.csproj", "{83B8B1AB-4C2E-42FF-9D1B-94A1D6919065}"
EndProject
Project("{FAE04EC0-301F-11D3-BF4B-00C04F79EFBC}") = "3.2. AbstractFactory", "3.2 AbstractFactory\3.2. AbstractFactory.csproj", "{39D16407-2E80-454A-A0E2-38357672C911}"
EndProject
Project("{FAE04EC0-301F-11D3-BF4B-00C04F79EFBC}") = "4. Data Mapper", "4. Data Mapper\4. Data Mapper.csproj", "{D6967FE0-3C98-44A3-BCBC-651C9C7B1871}"
EndProject
Global
	GlobalSection(SolutionConfigurationPlatforms) = preSolution
		Debug|Any CPU = Debug|Any CPU
		Release|Any CPU = Release|Any CPU
	EndGlobalSection
	GlobalSection(ProjectConfigurationPlatforms) = postSolution
		{571D5F2E-696B-443A-850A-E77E4D647F42}.Debug|Any CPU.ActiveCfg = Debug|Any CPU
		{571D5F2E-696B-443A-850A-E77E4D647F42}.Debug|Any CPU.Build.0 = Debug|Any CPU
		{571D5F2E-696B-443A-850A-E77E4D647F42}.Release|Any CPU.ActiveCfg = Release|Any CPU
		{571D5F2E-696B-443A-850A-E77E4D647F42}.Release|Any CPU.Build.0 = Release|Any CPU
		{07F4E461-F747-4100-A17B-439F5112ECCA}.Debug|Any CPU.ActiveCfg = Debug|Any CPU
		{07F4E461-F747-4100-A17B-439F5112ECCA}.Debug|Any CPU.Build.0 = Debug|Any CPU
		{07F4E461-F747-4100-A17B-439F5112ECCA}.Release|Any CPU.ActiveCfg = Release|Any CPU
		{07F4E461-F747-4100-A17B-439F5112ECCA}.Release|Any CPU.Build.0 = Release|Any CPU
		{83B8B1AB-4C2E-42FF-9D1B-94A1D6919065}.Debug|Any CPU.ActiveCfg = Debug|Any CPU
		{83B8B1AB-4C2E-42FF-9D1B-94A1D6919065}.Debug|Any CPU.Build.0 = Debug|Any CPU
		{83B8B1AB-4C2E-42FF-9D1B-94A1D6919065}.Release|Any CPU.ActiveCfg = Release|Any CPU
		{83B8B1AB-4C2E-42FF-9D1B-94A1D6919065}.Release|Any CPU.Build.0 = Release|Any CPU
		{39D16407-2E80-454A-A0E2-38357672C911}.Debug|Any CPU.ActiveCfg = Debug|Any CPU
		{39D16407-2E80-454A-A0E2-38357672C911}.Debug|Any CPU.Build.0 = Debug|Any CPU
		{39D16407-2E80-454A-A0E2-38357672C911}.Release|Any CPU.ActiveCfg = Release|Any CPU
		{39D16407-2E80-454A-A0E2-38357672C911}.Release|Any CPU.Build.0 = Release|Any CPU
		{D6967FE0-3C98-44A3-BCBC-651C9C7B1871}.Debug|Any CPU.ActiveCfg = Debug|Any CPU
		{D6967FE0-3C98-44A3-BCBC-651C9C7B1871}.Debug|Any CPU.Build.0 = Debug|Any CPU
		{D6967FE0-3C98-44A3-BCBC-651C9C7B1871}.Release|Any CPU.ActiveCfg = Release|Any CPU
		{D6967FE0-3C98-44A3-BCBC-651C9C7B1871}.Release|Any CPU.Build.0 = Release|Any CPU
	EndGlobalSection
	GlobalSection(SolutionProperties) = preSolution
		HideSolutionNode = FALSE
	EndGlobalSection
	GlobalSection(ExtensibilityGlobals) = postSolution
		SolutionGuid = {8E795D35-4070-40C7-AA5B-FC668522B02D}
	EndGlobalSection
EndGlobal
